
Microsoft Visual Studio Solution File, Format Version 12.00
# Visual Studio Version 17
VisualStudioVersion = 17.2.32630.192
MinimumVisualStudioVersion = 10.0.40219.1
Project("{FAE04EC0-301F-11D3-BF4B-00C04F79EFBC}") = "Lesson12", "Lesson12\Lesson12.csproj", "{C1199975-37E3-4571-993F-7083BA997432}"
EndProject
Global
	GlobalSection(SolutionConfigurationPlatforms) = preSolution
		Debug|Any CPU = Debug|Any CPU
		Release|Any CPU = Release|Any CPU
	EndGlobalSection
	GlobalSection(ProjectConfigurationPlatforms) = postSolution
		{C1199975-37E3-4571-993F-7083BA997432}.Debug|Any CPU.ActiveCfg = Debug|Any CPU
		{C1199975-37E3-4571-993F-7083BA997432}.Debug|Any CPU.Build.0 = Debug|Any CPU
		{C1199975-37E3-4571-993F-7083BA997432}.Release|Any CPU.ActiveCfg = Release|Any CPU
		{C1199975-37E3-4571-993F-7083BA997432}.Release|Any CPU.Build.0 = Release|Any CPU
	EndGlobalSection
	GlobalSection(SolutionProperties) = preSolution
		HideSolutionNode = FALSE
	EndGlobalSection
	GlobalSection(ExtensibilityGlobals) = postSolution
		SolutionGuid = {C4B01FDE-AFA9-44AC-B8E4-35396EB24739}
	EndGlobalSection
EndGlobal
